# THIS IS AN AUTOGENERATED FILE. DO NOT EDIT THIS FILE DIRECTLY.
# yarn lockfile v1


"@discoveryjs/json-ext@^0.5.0":
  version "0.5.7"
  resolved "http://r.npm.sankuai.com/@discoveryjs/json-ext/download/@discoveryjs/json-ext-0.5.7.tgz#1d572bfbbe14b7704e0ba0f39b74815b84870d70"
  integrity sha1-HVcr+74Ut3BOC6Dzm3SBW4SHDXA=

"@jridgewell/gen-mapping@^0.3.0":
  version "0.3.3"
  resolved "http://r.npm.sankuai.com/@jridgewell/gen-mapping/download/@jridgewell/gen-mapping-0.3.3.tgz#7e02e6eb5df901aaedb08514203b096614024098"
  integrity sha1-fgLm6135AartsIUUIDsJZhQCQJg=
  dependencies:
    "@jridgewell/set-array" "^1.0.1"
    "@jridgewell/sourcemap-codec" "^1.4.10"
    "@jridgewell/trace-mapping" "^0.3.9"

"@jridgewell/resolve-uri@3.1.0":
  version "3.1.0"
  resolved "http://r.npm.sankuai.com/@jridgewell/resolve-uri/download/@jridgewell/resolve-uri-3.1.0.tgz#2203b118c157721addfe69d47b70465463066d78"
  integrity sha1-IgOxGMFXchrd/mnUe3BGVGMGbXg=

"@jridgewell/set-array@^1.0.1":
  version "1.1.2"
  resolved "http://r.npm.sankuai.com/@jridgewell/set-array/download/@jridgewell/set-array-1.1.2.tgz#7c6cf998d6d20b914c0a55a91ae928ff25965e72"
  integrity sha1-fGz5mNbSC5FMClWpGuko/yWWXnI=

"@jridgewell/source-map@^0.3.3":
  version "0.3.3"
  resolved "http://r.npm.sankuai.com/@jridgewell/source-map/download/@jridgewell/source-map-0.3.3.tgz#8108265659d4c33e72ffe14e33d6cc5eb59f2fda"
  integrity sha1-gQgmVlnUwz5y/+FOM9bMXrWfL9o=
  dependencies:
    "@jridgewell/gen-mapping" "^0.3.0"
    "@jridgewell/trace-mapping" "^0.3.9"

"@jridgewell/sourcemap-codec@1.4.14":
  version "1.4.14"
  resolved "http://r.npm.sankuai.com/@jridgewell/sourcemap-codec/download/@jridgewell/sourcemap-codec-1.4.14.tgz#add4c98d341472a289190b424efbdb096991bb24"
  integrity sha1-rdTJjTQUcqKJGQtCTvvbCWmRuyQ=

"@jridgewell/sourcemap-codec@^1.4.10":
  version "1.4.15"
  resolved "http://r.npm.sankuai.com/@jridgewell/sourcemap-codec/download/@jridgewell/sourcemap-codec-1.4.15.tgz#d7c6e6755c78567a951e04ab52ef0fd26de59f32"
  integrity sha1-18bmdVx4VnqVHgSrUu8P0m3lnzI=

"@jridgewell/trace-mapping@^0.3.17", "@jridgewell/trace-mapping@^0.3.9":
  version "0.3.18"
  resolved "http://r.npm.sankuai.com/@jridgewell/trace-mapping/download/@jridgewell/trace-mapping-0.3.18.tgz#25783b2086daf6ff1dcb53c9249ae480e4dd4cd6"
  integrity sha1-JXg7IIba9v8dy1PJJJrkgOTdTNY=
  dependencies:
    "@jridgewell/resolve-uri" "3.1.0"
    "@jridgewell/sourcemap-codec" "1.4.14"

"@types/eslint-scope@^3.7.3":
  version "3.7.4"
  resolved "http://r.npm.sankuai.com/@types/eslint-scope/download/@types/eslint-scope-3.7.4.tgz#37fc1223f0786c39627068a12e94d6e6fc61de16"
  integrity sha1-N/wSI/B4bDlicGihLpTW5vxh3hY=
  dependencies:
    "@types/eslint" "*"
    "@types/estree" "*"

"@types/eslint@*":
  version "8.40.0"
  resolved "http://r.npm.sankuai.com/@types/eslint/download/@types/eslint-8.40.0.tgz#ae73dc9ec5237f2794c4f79efd6a4c73b13daf23"
  integrity sha1-rnPcnsUjfyeUxPee/WpMc7E9ryM=
  dependencies:
    "@types/estree" "*"
    "@types/json-schema" "*"

"@types/estree@*", "@types/estree@^1.0.0":
  version "1.0.1"
  resolved "http://r.npm.sankuai.com/@types/estree/download/@types/estree-1.0.1.tgz#aa22750962f3bf0e79d753d3cc067f010c95f194"
  integrity sha1-qiJ1CWLzvw5511PTzAZ/AQyV8ZQ=

"@types/json-schema@*", "@types/json-schema@^7.0.8", "@types/json-schema@^7.0.9":
  version "7.0.12"
  resolved "http://r.npm.sankuai.com/@types/json-schema/download/@types/json-schema-7.0.12.tgz#d70faba7039d5fca54c83c7dbab41051d2b6f6cb"
  integrity sha1-1w+rpwOdX8pUyDx9urQQUdK29ss=

"@types/node@*":
  version "20.3.1"
  resolved "http://r.npm.sankuai.com/@types/node/download/@types/node-20.3.1.tgz#e8a83f1aa8b649377bb1fb5d7bac5cb90e784dfe"
  integrity sha1-6Kg/Gqi2STd7sftde6xcuQ54Tf4=

"@webassemblyjs/ast@1.11.6", "@webassemblyjs/ast@^1.11.5":
  version "1.11.6"
  resolved "http://r.npm.sankuai.com/@webassemblyjs/ast/download/@webassemblyjs/ast-1.11.6.tgz#db046555d3c413f8966ca50a95176a0e2c642e24"
  integrity sha1-2wRlVdPEE/iWbKUKlRdqDixkLiQ=
  dependencies:
    "@webassemblyjs/helper-numbers" "1.11.6"
    "@webassemblyjs/helper-wasm-bytecode" "1.11.6"

"@webassemblyjs/floating-point-hex-parser@1.11.6":
  version "1.11.6"
  resolved "http://r.npm.sankuai.com/@webassemblyjs/floating-point-hex-parser/download/@webassemblyjs/floating-point-hex-parser-1.11.6.tgz#dacbcb95aff135c8260f77fa3b4c5fea600a6431"
  integrity sha1-2svLla/xNcgmD3f6O0xf6mAKZDE=

"@webassemblyjs/helper-api-error@1.11.6":
  version "1.11.6"
  resolved "http://r.npm.sankuai.com/@webassemblyjs/helper-api-error/download/@webassemblyjs/helper-api-error-1.11.6.tgz#6132f68c4acd59dcd141c44b18cbebbd9f2fa768"
  integrity sha1-YTL2jErNWdzRQcRLGMvrvZ8vp2g=

"@webassemblyjs/helper-buffer@1.11.6":
  version "1.11.6"
  resolved "http://r.npm.sankuai.com/@webassemblyjs/helper-buffer/download/@webassemblyjs/helper-buffer-1.11.6.tgz#b66d73c43e296fd5e88006f18524feb0f2c7c093"
  integrity sha1-tm1zxD4pb9XogAbxhST+sPLHwJM=

"@webassemblyjs/helper-numbers@1.11.6":
  version "1.11.6"
  resolved "http://r.npm.sankuai.com/@webassemblyjs/helper-numbers/download/@webassemblyjs/helper-numbers-1.11.6.tgz#cbce5e7e0c1bd32cf4905ae444ef64cea919f1b5"
  integrity sha1-y85efgwb0yz0kFrkRO9kzqkZ8bU=
  dependencies:
    "@webassemblyjs/floating-point-hex-parser" "1.11.6"
    "@webassemblyjs/helper-api-error" "1.11.6"
    "@xtuc/long" "4.2.2"

"@webassemblyjs/helper-wasm-bytecode@1.11.6":
  version "1.11.6"
  resolved "http://r.npm.sankuai.com/@webassemblyjs/helper-wasm-bytecode/download/@webassemblyjs/helper-wasm-bytecode-1.11.6.tgz#bb2ebdb3b83aa26d9baad4c46d4315283acd51e9"
  integrity sha1-uy69s7g6om2bqtTEbUMVKDrNUek=

"@webassemblyjs/helper-wasm-section@1.11.6":
  version "1.11.6"
  resolved "http://r.npm.sankuai.com/@webassemblyjs/helper-wasm-section/download/@webassemblyjs/helper-wasm-section-1.11.6.tgz#ff97f3863c55ee7f580fd5c41a381e9def4aa577"
  integrity sha1-/5fzhjxV7n9YD9XEGjgene9KpXc=
  dependencies:
    "@webassemblyjs/ast" "1.11.6"
    "@webassemblyjs/helper-buffer" "1.11.6"
    "@webassemblyjs/helper-wasm-bytecode" "1.11.6"
    "@webassemblyjs/wasm-gen" "1.11.6"

"@webassemblyjs/ieee754@1.11.6":
  version "1.11.6"
  resolved "http://r.npm.sankuai.com/@webassemblyjs/ieee754/download/@webassemblyjs/ieee754-1.11.6.tgz#bb665c91d0b14fffceb0e38298c329af043c6e3a"
  integrity sha1-u2ZckdCxT//OsOOCmMMprwQ8bjo=
  dependencies:
    "@xtuc/ieee754" "^1.2.0"

"@webassemblyjs/leb128@1.11.6":
  version "1.11.6"
  resolved "http://r.npm.sankuai.com/@webassemblyjs/leb128/download/@webassemblyjs/leb128-1.11.6.tgz#70e60e5e82f9ac81118bc25381a0b283893240d7"
  integrity sha1-cOYOXoL5rIERi8JTgaCyg4kyQNc=
  dependencies:
    "@xtuc/long" "4.2.2"

"@webassemblyjs/utf8@1.11.6":
  version "1.11.6"
  resolved "http://r.npm.sankuai.com/@webassemblyjs/utf8/download/@webassemblyjs/utf8-1.11.6.tgz#90f8bc34c561595fe156603be7253cdbcd0fab5a"
  integrity sha1-kPi8NMVhWV/hVmA75yU8280Pq1o=

"@webassemblyjs/wasm-edit@^1.11.5":
  version "1.11.6"
  resolved "http://r.npm.sankuai.com/@webassemblyjs/wasm-edit/download/@webassemblyjs/wasm-edit-1.11.6.tgz#c72fa8220524c9b416249f3d94c2958dfe70ceab"
  integrity sha1-xy+oIgUkybQWJJ89lMKVjf5wzqs=
  dependencies:
    "@webassemblyjs/ast" "1.11.6"
    "@webassemblyjs/helper-buffer" "1.11.6"
    "@webassemblyjs/helper-wasm-bytecode" "1.11.6"
    "@webassemblyjs/helper-wasm-section" "1.11.6"
    "@webassemblyjs/wasm-gen" "1.11.6"
    "@webassemblyjs/wasm-opt" "1.11.6"
    "@webassemblyjs/wasm-parser" "1.11.6"
    "@webassemblyjs/wast-printer" "1.11.6"

"@webassemblyjs/wasm-gen@1.11.6":
  version "1.11.6"
  resolved "http://r.npm.sankuai.com/@webassemblyjs/wasm-gen/download/@webassemblyjs/wasm-gen-1.11.6.tgz#fb5283e0e8b4551cc4e9c3c0d7184a65faf7c268"
  integrity sha1-+1KD4Oi0VRzE6cPA1xhKZfr3wmg=
  dependencies:
    "@webassemblyjs/ast" "1.11.6"
    "@webassemblyjs/helper-wasm-bytecode" "1.11.6"
    "@webassemblyjs/ieee754" "1.11.6"
    "@webassemblyjs/leb128" "1.11.6"
    "@webassemblyjs/utf8" "1.11.6"

"@webassemblyjs/wasm-opt@1.11.6":
  version "1.11.6"
  resolved "http://r.npm.sankuai.com/@webassemblyjs/wasm-opt/download/@webassemblyjs/wasm-opt-1.11.6.tgz#d9a22d651248422ca498b09aa3232a81041487c2"
  integrity sha1-2aItZRJIQiykmLCaoyMqgQQUh8I=
  dependencies:
    "@webassemblyjs/ast" "1.11.6"
    "@webassemblyjs/helper-buffer" "1.11.6"
    "@webassemblyjs/wasm-gen" "1.11.6"
    "@webassemblyjs/wasm-parser" "1.11.6"

"@webassemblyjs/wasm-parser@1.11.6", "@webassemblyjs/wasm-parser@^1.11.5":
  version "1.11.6"
  resolved "http://r.npm.sankuai.com/@webassemblyjs/wasm-parser/download/@webassemblyjs/wasm-parser-1.11.6.tgz#bb85378c527df824004812bbdb784eea539174a1"
  integrity sha1-u4U3jFJ9+CQASBK723hO6lORdKE=
  dependencies:
    "@webassemblyjs/ast" "1.11.6"
    "@webassemblyjs/helper-api-error" "1.11.6"
    "@webassemblyjs/helper-wasm-bytecode" "1.11.6"
    "@webassemblyjs/ieee754" "1.11.6"
    "@webassemblyjs/leb128" "1.11.6"
    "@webassemblyjs/utf8" "1.11.6"

"@webassemblyjs/wast-printer@1.11.6":
  version "1.11.6"
  resolved "http://r.npm.sankuai.com/@webassemblyjs/wast-printer/download/@webassemblyjs/wast-printer-1.11.6.tgz#a7bf8dd7e362aeb1668ff43f35cb849f188eff20"
  integrity sha1-p7+N1+NirrFmj/Q/NcuEnxiO/yA=
  dependencies:
    "@webassemblyjs/ast" "1.11.6"
    "@xtuc/long" "4.2.2"

"@webpack-cli/configtest@^2.1.1":
  version "2.1.1"
  resolved "http://r.npm.sankuai.com/@webpack-cli/configtest/download/@webpack-cli/configtest-2.1.1.tgz#3b2f852e91dac6e3b85fb2a314fb8bef46d94646"
  integrity sha1-Oy+FLpHaxuO4X7KjFPuL70bZRkY=

"@webpack-cli/info@^2.0.2":
  version "2.0.2"
  resolved "http://r.npm.sankuai.com/@webpack-cli/info/download/@webpack-cli/info-2.0.2.tgz#cc3fbf22efeb88ff62310cf885c5b09f44ae0fdd"
  integrity sha1-zD+/Iu/riP9iMQz4hcWwn0SuD90=

"@webpack-cli/serve@^2.0.5":
  version "2.0.5"
  resolved "http://r.npm.sankuai.com/@webpack-cli/serve/download/@webpack-cli/serve-2.0.5.tgz#325db42395cd49fe6c14057f9a900e427df8810e"
  integrity sha1-Ml20I5XNSf5sFAV/mpAOQn34gQ4=

"@xtuc/ieee754@^1.2.0":
  version "1.2.0"
  resolved "http://r.npm.sankuai.com/@xtuc/ieee754/download/@xtuc/ieee754-1.2.0.tgz#eef014a3145ae477a1cbc00cd1e552336dceb790"
  integrity sha1-7vAUoxRa5Hehy8AM0eVSM23Ot5A=

"@xtuc/long@4.2.2":
  version "4.2.2"
  resolved "http://r.npm.sankuai.com/@xtuc/long/download/@xtuc/long-4.2.2.tgz#d291c6a4e97989b5c61d9acf396ae4fe133a718d"
  integrity sha1-0pHGpOl5ibXGHZrPOWrk/hM6cY0=

acorn-import-assertions@^1.9.0:
  version "1.9.0"
  resolved "http://r.npm.sankuai.com/acorn-import-assertions/download/acorn-import-assertions-1.9.0.tgz#507276249d684797c84e0734ef84860334cfb1ac"
  integrity sha1-UHJ2JJ1oR5fITgc074SGAzTPsaw=

acorn@^8.7.1, acorn@^8.8.2:
  version "8.8.2"
  resolved "http://r.npm.sankuai.com/acorn/download/acorn-8.8.2.tgz#1b2f25db02af965399b9776b0c2c391276d37c4a"
  integrity sha1-Gy8l2wKvllOZuXdrDCw5EnbTfEo=

ajv-formats@^2.1.1:
  version "2.1.1"
  resolved "http://r.npm.sankuai.com/ajv-formats/download/ajv-formats-2.1.1.tgz#6e669400659eb74973bbf2e33327180a0996b520"
  integrity sha1-bmaUAGWet0lzu/LjMycYCgmWtSA=
  dependencies:
    ajv "^8.0.0"

ajv-keywords@^3.5.2:
  version "3.5.2"
  resolved "http://r.npm.sankuai.com/ajv-keywords/download/ajv-keywords-3.5.2.tgz#31f29da5ab6e00d1c2d329acf7b5929614d5014d"
  integrity sha1-MfKdpatuANHC0yms97WSlhTVAU0=

ajv-keywords@^5.1.0:
  version "5.1.0"
  resolved "http://r.npm.sankuai.com/ajv-keywords/download/ajv-keywords-5.1.0.tgz#69d4d385a4733cdbeab44964a1170a88f87f0e16"
  integrity sha1-adTThaRzPNvqtElkoRcKiPh/DhY=
  dependencies:
    fast-deep-equal "^3.1.3"

ajv@^6.12.5:
  version "6.12.6"
  resolved "http://r.npm.sankuai.com/ajv/download/ajv-6.12.6.tgz#baf5a62e802b07d977034586f8c3baf5adf26df4"
  integrity sha1-uvWmLoArB9l3A0WG+MO69a3ybfQ=
  dependencies:
    fast-deep-equal "^3.1.1"
    fast-json-stable-stringify "^2.0.0"
    json-schema-traverse "^0.4.1"
    uri-js "^4.2.2"

ajv@^8.0.0, ajv@^8.9.0:
  version "8.12.0"
  resolved "http://r.npm.sankuai.com/ajv/download/ajv-8.12.0.tgz#d1a0527323e22f53562c567c00991577dfbe19d1"
  integrity sha1-0aBScyPiL1NWLFZ8AJkVd9++GdE=
  dependencies:
    fast-deep-equal "^3.1.1"
    json-schema-traverse "^1.0.0"
    require-from-string "^2.0.2"
    uri-js "^4.2.2"

big.js@^5.2.2:
  version "5.2.2"
  resolved "http://r.npm.sankuai.com/big.js/download/big.js-5.2.2.tgz#65f0af382f578bcdc742bd9c281e9cb2d7768328"
  integrity sha1-ZfCvOC9Xi83HQr2cKB6cstd2gyg=

browserslist@^4.14.5:
  version "4.21.8"
  resolved "http://r.npm.sankuai.com/browserslist/download/browserslist-4.21.8.tgz#db2498e1f4b80ed199c076248a094935860b6017"
  integrity sha1-2ySY4fS4DtGZwHYkiglJNYYLYBc=
  dependencies:
    caniuse-lite "^1.0.30001502"
    electron-to-chromium "^1.4.428"
    node-releases "^2.0.12"
    update-browserslist-db "^1.0.11"

buffer-from@^1.0.0:
  version "1.1.2"
  resolved "http://r.npm.sankuai.com/buffer-from/download/buffer-from-1.1.2.tgz#2b146a6fd72e80b4f55d255f35ed59a3a9a41bd5"
  integrity sha1-KxRqb9cugLT1XSVfNe1Zo6mkG9U=

caniuse-lite@^1.0.30001502:
  version "1.0.30001503"
  resolved "http://r.npm.sankuai.com/caniuse-lite/download/caniuse-lite-1.0.30001503.tgz#88b6ff1b2cf735f1f3361dc1a15b59f0561aa398"
  integrity sha1-iLb/Gyz3NfHzNh3BoVtZ8FYao5g=

chrome-trace-event@^1.0.2:
  version "1.0.3"
  resolved "http://r.npm.sankuai.com/chrome-trace-event/download/chrome-trace-event-1.0.3.tgz#1015eced4741e15d06664a957dbbf50d041e26ac"
  integrity sha1-EBXs7UdB4V0GZkqVfbv1DQQeJqw=

clone-deep@^4.0.1:
  version "4.0.1"
  resolved "http://r.npm.sankuai.com/clone-deep/download/clone-deep-4.0.1.tgz#c19fd9bdbbf85942b4fd979c84dcf7d5f07c2387"
  integrity sha1-wZ/Zvbv4WUK0/ZechNz31fB8I4c=
  dependencies:
    is-plain-object "^2.0.4"
    kind-of "^6.0.2"
    shallow-clone "^3.0.0"

colorette@^2.0.14:
  version "2.0.20"
  resolved "http://r.npm.sankuai.com/colorette/download/colorette-2.0.20.tgz#9eb793e6833067f7235902fcd3b09917a000a95a"
  integrity sha1-nreT5oMwZ/cjWQL807CZF6AAqVo=

commander@^10.0.1:
  version "10.0.1"
  resolved "http://r.npm.sankuai.com/commander/download/commander-10.0.1.tgz#881ee46b4f77d1c1dccc5823433aa39b022cbe06"
  integrity sha1-iB7ka0930cHczFgjQzqjmwIsvgY=

commander@^2.20.0:
  version "2.20.3"
  resolved "http://r.npm.sankuai.com/commander/download/commander-2.20.3.tgz#fd485e84c03eb4881c20722ba48035e8531aeb33"
  integrity sha1-/UhehMA+tIgcIHIrpIA16FMa6zM=

cross-spawn@^7.0.3:
  version "7.0.3"
  resolved "http://r.npm.sankuai.com/cross-spawn/download/cross-spawn-7.0.3.tgz#f73a85b9d5d41d045551c177e2882d4ac85728a6"
  integrity sha1-9zqFudXUHQRVUcF34ogtSshXKKY=
  dependencies:
    path-key "^3.1.0"
    shebang-command "^2.0.0"
    which "^2.0.1"

css-loader@^6.8.1:
  version "6.8.1"
  resolved "http://r.npm.sankuai.com/css-loader/download/css-loader-6.8.1.tgz#0f8f52699f60f5e679eab4ec0fcd68b8e8a50a88"
  integrity sha1-D49SaZ9g9eZ56rTsD81ouOilCog=
  dependencies:
    icss-utils "^5.1.0"
    postcss "^8.4.21"
    postcss-modules-extract-imports "^3.0.0"
    postcss-modules-local-by-default "^4.0.3"
    postcss-modules-scope "^3.0.0"
    postcss-modules-values "^4.0.0"
    postcss-value-parser "^4.2.0"
    semver "^7.3.8"

cssesc@^3.0.0:
  version "3.0.0"
  resolved "http://r.npm.sankuai.com/cssesc/download/cssesc-3.0.0.tgz#37741919903b868565e1c09ea747445cd18983ee"
  integrity sha1-N3QZGZA7hoVl4cCep0dEXNGJg+4=

electron-to-chromium@^1.4.428:
  version "1.4.428"
  resolved "http://r.npm.sankuai.com/electron-to-chromium/download/electron-to-chromium-1.4.428.tgz#c31fc88e854f49d8305cdabf6ec934ff1588a902"
  integrity sha1-wx/IjoVPSdgwXNq/bsk0/xWIqQI=

emojis-list@^3.0.0:
  version "3.0.0"
  resolved "http://r.npm.sankuai.com/emojis-list/download/emojis-list-3.0.0.tgz#5570662046ad29e2e916e71aae260abdff4f6a78"
  integrity sha1-VXBmIEatKeLpFucariYKvf9Pang=

enhanced-resolve@^5.15.0:
  version "5.15.0"
  resolved "http://r.npm.sankuai.com/enhanced-resolve/download/enhanced-resolve-5.15.0.tgz#1af946c7d93603eb88e9896cee4904dc012e9c35"
  integrity sha1-GvlGx9k2A+uI6Yls7kkE3AEunDU=
  dependencies:
    graceful-fs "^4.2.4"
    tapable "^2.2.0"

envinfo@^7.7.3:
  version "7.8.1"
  resolved "http://r.npm.sankuai.com/envinfo/download/envinfo-7.8.1.tgz#06377e3e5f4d379fea7ac592d5ad8927e0c4d475"
  integrity sha1-Bjd+Pl9NN5/qesWS1a2JJ+DE1HU=

es-module-lexer@^1.2.1:
  version "1.3.0"
  resolved "http://r.npm.sankuai.com/es-module-lexer/download/es-module-lexer-1.3.0.tgz#6be9c9e0b4543a60cd166ff6f8b4e9dae0b0c16f"
  integrity sha1-a+nJ4LRUOmDNFm/2+LTp2uCwwW8=

escalade@^3.1.1:
  version "3.1.1"
  resolved "http://r.npm.sankuai.com/escalade/download/escalade-3.1.1.tgz#d8cfdc7000965c5a0174b4a82eaa5c0552742e40"
  integrity sha1-2M/ccACWXFoBdLSoLqpcBVJ0LkA=

eslint-scope@5.1.1:
  version "5.1.1"
  resolved "http://r.npm.sankuai.com/eslint-scope/download/eslint-scope-5.1.1.tgz#e786e59a66cb92b3f6c1fb0d508aab174848f48c"
  integrity sha1-54blmmbLkrP2wfsNUIqrF0hI9Iw=
  dependencies:
    esrecurse "^4.3.0"
    estraverse "^4.1.1"

esrecurse@^4.3.0:
  version "4.3.0"
  resolved "http://r.npm.sankuai.com/esrecurse/download/esrecurse-4.3.0.tgz#7ad7964d679abb28bee72cec63758b1c5d2c9921"
  integrity sha1-eteWTWeauyi+5yzsY3WLHF0smSE=
  dependencies:
    estraverse "^5.2.0"

estraverse@^4.1.1:
  version "4.3.0"
  resolved "http://r.npm.sankuai.com/estraverse/download/estraverse-4.3.0.tgz#398ad3f3c5a24948be7725e83d11a7de28cdbd1d"
  integrity sha1-OYrT88WiSUi+dyXoPRGn3ijNvR0=

estraverse@^5.2.0:
  version "5.3.0"
  resolved "http://r.npm.sankuai.com/estraverse/download/estraverse-5.3.0.tgz#2eea5290702f26ab8fe5370370ff86c965d21123"
  integrity sha1-LupSkHAvJquP5TcDcP+GyWXSESM=

events@^3.2.0:
  version "3.3.0"
  resolved "http://r.npm.sankuai.com/events/download/events-3.3.0.tgz#31a95ad0a924e2d2c419a813aeb2c4e878ea7400"
  integrity sha1-Mala0Kkk4tLEGagTrrLE6HjqdAA=

fast-deep-equal@^3.1.1, fast-deep-equal@^3.1.3:
  version "3.1.3"
  resolved "http://r.npm.sankuai.com/fast-deep-equal/download/fast-deep-equal-3.1.3.tgz#3a7d56b559d6cbc3eb512325244e619a65c6c525"
  integrity sha1-On1WtVnWy8PrUSMlJE5hmmXGxSU=

fast-json-stable-stringify@^2.0.0:
  version "2.1.0"
  resolved "http://r.npm.sankuai.com/fast-json-stable-stringify/download/fast-json-stable-stringify-2.1.0.tgz#874bf69c6f404c2b5d99c481341399fd55892633"
  integrity sha1-h0v2nG9ATCtdmcSBNBOZ/VWJJjM=

fastest-levenshtein@^1.0.12:
  version "1.0.16"
  resolved "http://r.npm.sankuai.com/fastest-levenshtein/download/fastest-levenshtein-1.0.16.tgz#210e61b6ff181de91ea9b3d1b84fdedd47e034e5"
  integrity sha1-IQ5htv8YHekeqbPRuE/e3UfgNOU=

file-loader@^6.2.0:
  version "6.2.0"
  resolved "http://r.npm.sankuai.com/file-loader/download/file-loader-6.2.0.tgz#baef7cf8e1840df325e4390b4484879480eebe4d"
  integrity sha1-uu98+OGEDfMl5DkLRISHlIDuvk0=
  dependencies:
    loader-utils "^2.0.0"
    schema-utils "^3.0.0"

find-up@^4.0.0:
  version "4.1.0"
  resolved "http://r.npm.sankuai.com/find-up/download/find-up-4.1.0.tgz#97afe7d6cdc0bc5928584b7c8d7b16e8a9aa5d19"
  integrity sha1-l6/n1s3AvFkoWEt8jXsW6KmqXRk=
  dependencies:
    locate-path "^5.0.0"
    path-exists "^4.0.0"

function-bind@^1.1.1:
  version "1.1.1"
  resolved "http://r.npm.sankuai.com/function-bind/download/function-bind-1.1.1.tgz#a56899d3ea3c9bab874bb9773b7c5ede92f4895d"
  integrity sha1-pWiZ0+o8m6uHS7l3O3xe3pL0iV0=

glob-to-regexp@^0.4.1:
  version "0.4.1"
  resolved "http://r.npm.sankuai.com/glob-to-regexp/download/glob-to-regexp-0.4.1.tgz#c75297087c851b9a578bd217dd59a92f59fe546e"
  integrity sha1-x1KXCHyFG5pXi9IX3VmpL1n+VG4=

graceful-fs@^4.1.2, graceful-fs@^4.2.4, graceful-fs@^4.2.9:
  version "4.2.11"
  resolved "http://r.npm.sankuai.com/graceful-fs/download/graceful-fs-4.2.11.tgz#4183e4e8bf08bb6e05bbb2f7d2e0c8f712ca40e3"
  integrity sha1-QYPk6L8Iu24Fu7L30uDI9xLKQOM=

has-flag@^4.0.0:
  version "4.0.0"
  resolved "http://r.npm.sankuai.com/has-flag/download/has-flag-4.0.0.tgz#944771fd9c81c81265c4d6941860da06bb59479b"
  integrity sha1-lEdx/ZyByBJlxNaUGGDaBrtZR5s=

has@^1.0.3:
  version "1.0.3"
  resolved "http://r.npm.sankuai.com/has/download/has-1.0.3.tgz#722d7cbfc1f6aa8241f16dd814e011e1f41e8796"
  integrity sha1-ci18v8H2qoJB8W3YFOAR4fQeh5Y=
  dependencies:
    function-bind "^1.1.1"

icss-utils@^5.0.0, icss-utils@^5.1.0:
  version "5.1.0"
  resolved "http://r.npm.sankuai.com/icss-utils/download/icss-utils-5.1.0.tgz#c6be6858abd013d768e98366ae47e25d5887b1ae"
  integrity sha1-xr5oWKvQE9do6YNmrkfiXViHsa4=

import-local@^3.0.2:
  version "3.1.0"
  resolved "http://r.npm.sankuai.com/import-local/download/import-local-3.1.0.tgz#b4479df8a5fd44f6cdce24070675676063c95cb4"
  integrity sha1-tEed+KX9RPbNziQHBnVnYGPJXLQ=
  dependencies:
    pkg-dir "^4.2.0"
    resolve-cwd "^3.0.0"

interpret@^3.1.1:
  version "3.1.1"
  resolved "http://r.npm.sankuai.com/interpret/download/interpret-3.1.1.tgz#5be0ceed67ca79c6c4bc5cf0d7ee843dcea110c4"
  integrity sha1-W+DO7WfKecbEvFzw1+6EPc6hEMQ=

is-core-module@^2.11.0:
  version "2.12.1"
  resolved "http://r.npm.sankuai.com/is-core-module/download/is-core-module-2.12.1.tgz#0c0b6885b6f80011c71541ce15c8d66cf5a4f9fd"
  integrity sha1-DAtohbb4ABHHFUHOFcjWbPWk+f0=
  dependencies:
    has "^1.0.3"

is-plain-object@^2.0.4:
  version "2.0.4"
  resolved "http://r.npm.sankuai.com/is-plain-object/download/is-plain-object-2.0.4.tgz#2c163b3fafb1b606d9d17928f05c2a1c38e07677"
  integrity sha1-LBY7P6+xtgbZ0Xko8FwqHDjgdnc=
  dependencies:
    isobject "^3.0.1"

isexe@^2.0.0:
  version "2.0.0"
  resolved "http://r.npm.sankuai.com/isexe/download/isexe-2.0.0.tgz#e8fbf374dc556ff8947a10dcb0572d633f2cfa10"
  integrity sha1-6PvzdNxVb/iUehDcsFctYz8s+hA=

isobject@^3.0.1:
  version "3.0.1"
  resolved "http://r.npm.sankuai.com/isobject/download/isobject-3.0.1.tgz#4e431e92b11a9731636aa1f9c8d1ccbcfdab78df"
  integrity sha1-TkMekrEalzFjaqH5yNHMvP2reN8=

jest-worker@^27.4.5:
  version "27.5.1"
  resolved "http://r.npm.sankuai.com/jest-worker/download/jest-worker-27.5.1.tgz#8d146f0900e8973b106b6f73cc1e9a8cb86f8db0"
  integrity sha1-jRRvCQDolzsQa29zzB6ajLhvjbA=
  dependencies:
    "@types/node" "*"
    merge-stream "^2.0.0"
    supports-color "^8.0.0"

json-parse-even-better-errors@^2.3.1:
  version "2.3.1"
  resolved "http://r.npm.sankuai.com/json-parse-even-better-errors/download/json-parse-even-better-errors-2.3.1.tgz#7c47805a94319928e05777405dc12e1f7a4ee02d"
  integrity sha1-fEeAWpQxmSjgV3dAXcEuH3pO4C0=

json-schema-traverse@^0.4.1:
  version "0.4.1"
  resolved "http://r.npm.sankuai.com/json-schema-traverse/download/json-schema-traverse-0.4.1.tgz#69f6a87d9513ab8bb8fe63bdb0979c448e684660"
  integrity sha1-afaofZUTq4u4/mO9sJecRI5oRmA=

json-schema-traverse@^1.0.0:
  version "1.0.0"
  resolved "http://r.npm.sankuai.com/json-schema-traverse/download/json-schema-traverse-1.0.0.tgz#ae7bcb3656ab77a73ba5c49bf654f38e6b6860e2"
  integrity sha1-rnvLNlard6c7pcSb9lTzjmtoYOI=

json5@^2.1.2:
  version "2.2.3"
  resolved "http://r.npm.sankuai.com/json5/download/json5-2.2.3.tgz#78cd6f1a19bdc12b73db5ad0c61efd66c1e29283"
  integrity sha1-eM1vGhm9wStz21rQxh79ZsHikoM=

kind-of@^6.0.2:
  version "6.0.3"
  resolved "http://r.npm.sankuai.com/kind-of/download/kind-of-6.0.3.tgz#07c05034a6c349fa06e24fa35aa76db4580ce4dd"
  integrity sha1-B8BQNKbDSfoG4k+jWqdttFgM5N0=

loader-runner@^4.2.0:
  version "4.3.0"
  resolved "http://r.npm.sankuai.com/loader-runner/download/loader-runner-4.3.0.tgz#c1b4a163b99f614830353b16755e7149ac2314e1"
  integrity sha1-wbShY7mfYUgwNTsWdV5xSawjFOE=

loader-utils@^2.0.0:
  version "2.0.4"
  resolved "http://r.npm.sankuai.com/loader-utils/download/loader-utils-2.0.4.tgz#8b5cb38b5c34a9a018ee1fc0e6a066d1dfcc528c"
  integrity sha1-i1yzi1w0qaAY7h/A5qBm0d/MUow=
  dependencies:
    big.js "^5.2.2"
    emojis-list "^3.0.0"
    json5 "^2.1.2"

locate-path@^5.0.0:
  version "5.0.0"
  resolved "http://r.npm.sankuai.com/locate-path/download/locate-path-5.0.0.tgz#1afba396afd676a6d42504d0a67a3a7eb9f62aa0"
  integrity sha1-Gvujlq/WdqbUJQTQpno6frn2KqA=
  dependencies:
    p-locate "^4.1.0"

lodash@^4.17.21:
  version "4.17.21"
  resolved "http://r.npm.sankuai.com/lodash/download/lodash-4.17.21.tgz#679591c564c3bffaae8454cf0b3df370c3d6911c"
  integrity sha1-Z5WRxWTDv/quhFTPCz3zcMPWkRw=

lru-cache@^6.0.0:
  version "6.0.0"
  resolved "http://r.npm.sankuai.com/lru-cache/download/lru-cache-6.0.0.tgz#6d6fe6570ebd96aaf90fcad1dafa3b2566db3a94"
  integrity sha1-bW/mVw69lqr5D8rR2vo7JWbbOpQ=
  dependencies:
    yallist "^4.0.0"

merge-stream@^2.0.0:
  version "2.0.0"
  resolved "http://r.npm.sankuai.com/merge-stream/download/merge-stream-2.0.0.tgz#52823629a14dd00c9770fb6ad47dc6310f2c1f60"
  integrity sha1-UoI2KaFN0AyXcPtq1H3GMQ8sH2A=

mime-db@1.52.0:
  version "1.52.0"
  resolved "http://r.npm.sankuai.com/mime-db/download/mime-db-1.52.0.tgz#bbabcdc02859f4987301c856e3387ce5ec43bf70"
  integrity sha1-u6vNwChZ9JhzAchW4zh85exDv3A=

mime-types@^2.1.27:
  version "2.1.35"
  resolved "http://r.npm.sankuai.com/mime-types/download/mime-types-2.1.35.tgz#381a871b62a734450660ae3deee44813f70d959a"
  integrity sha1-OBqHG2KnNEUGYK497uRIE/cNlZo=
  dependencies:
    mime-db "1.52.0"

mini-css-extract-plugin@^2.7.6:
  version "2.7.6"
  resolved "http://r.npm.sankuai.com/mini-css-extract-plugin/download/mini-css-extract-plugin-2.7.6.tgz#282a3d38863fddcd2e0c220aaed5b90bc156564d"
  integrity sha1-KCo9OIY/3c0uDCIKrtW5C8FWVk0=
  dependencies:
    schema-utils "^4.0.0"

nanoid@^3.3.6:
  version "3.3.6"
  resolved "http://r.npm.sankuai.com/nanoid/download/nanoid-3.3.6.tgz#443380c856d6e9f9824267d960b4236ad583ea4c"
  integrity sha1-RDOAyFbW6fmCQmfZYLQjatWD6kw=

neo-async@^2.6.2:
  version "2.6.2"
  resolved "http://r.npm.sankuai.com/neo-async/download/neo-async-2.6.2.tgz#b4aafb93e3aeb2d8174ca53cf163ab7d7308305f"
  integrity sha1-tKr7k+OustgXTKU88WOrfXMIMF8=

node-releases@^2.0.12:
  version "2.0.12"
  resolved "http://r.npm.sankuai.com/node-releases/download/node-releases-2.0.12.tgz#35627cc224a23bfb06fb3380f2b3afaaa7eb1039"
  integrity sha1-NWJ8wiSiO/sG+zOA8rOvqqfrEDk=

p-limit@^2.2.0:
  version "2.3.0"
  resolved "http://r.npm.sankuai.com/p-limit/download/p-limit-2.3.0.tgz#3dd33c647a214fdfffd835933eb086da0dc21db1"
  integrity sha1-PdM8ZHohT9//2DWTPrCG2g3CHbE=
  dependencies:
    p-try "^2.0.0"

p-locate@^4.1.0:
  version "4.1.0"
  resolved "http://r.npm.sankuai.com/p-locate/download/p-locate-4.1.0.tgz#a3428bb7088b3a60292f66919278b7c297ad4f07"
  integrity sha1-o0KLtwiLOmApL2aRkni3wpetTwc=
  dependencies:
    p-limit "^2.2.0"

p-try@^2.0.0:
  version "2.2.0"
  resolved "http://r.npm.sankuai.com/p-try/download/p-try-2.2.0.tgz#cb2868540e313d61de58fafbe35ce9004d5540e6"
  integrity sha1-yyhoVA4xPWHeWPr741zpAE1VQOY=

path-exists@^4.0.0:
  version "4.0.0"
  resolved "http://r.npm.sankuai.com/path-exists/download/path-exists-4.0.0.tgz#513bdbe2d3b95d7762e8c1137efa195c6c61b5b3"
  integrity sha1-UTvb4tO5XXdi6METfvoZXGxhtbM=

path-key@^3.1.0:
  version "3.1.1"
  resolved "http://r.npm.sankuai.com/path-key/download/path-key-3.1.1.tgz#581f6ade658cbba65a0d3380de7753295054f375"
  integrity sha1-WB9q3mWMu6ZaDTOA3ndTKVBU83U=

path-parse@^1.0.7:
  version "1.0.7"
  resolved "http://r.npm.sankuai.com/path-parse/download/path-parse-1.0.7.tgz#fbc114b60ca42b30d9daf5858e4bd68bbedb6735"
  integrity sha1-+8EUtgykKzDZ2vWFjkvWi77bZzU=

picocolors@^1.0.0:
  version "1.0.0"
  resolved "http://r.npm.sankuai.com/picocolors/download/picocolors-1.0.0.tgz#cb5bdc74ff3f51892236eaf79d68bc44564ab81c"
  integrity sha1-y1vcdP8/UYkiNur3nWi8RFZKuBw=

pkg-dir@^4.2.0:
  version "4.2.0"
  resolved "http://r.npm.sankuai.com/pkg-dir/download/pkg-dir-4.2.0.tgz#f099133df7ede422e81d1d8448270eeb3e4261f3"
  integrity sha1-8JkTPfft5CLoHR2ESCcO6z5CYfM=
  dependencies:
    find-up "^4.0.0"

postcss-modules-extract-imports@^3.0.0:
  version "3.0.0"
  resolved "http://r.npm.sankuai.com/postcss-modules-extract-imports/download/postcss-modules-extract-imports-3.0.0.tgz#cda1f047c0ae80c97dbe28c3e76a43b88025741d"
  integrity sha1-zaHwR8CugMl9vijD52pDuIAldB0=

postcss-modules-local-by-default@^4.0.3:
  version "4.0.3"
  resolved "http://r.npm.sankuai.com/postcss-modules-local-by-default/download/postcss-modules-local-by-default-4.0.3.tgz#b08eb4f083050708998ba2c6061b50c2870ca524"
  integrity sha1-sI608IMFBwiZi6LGBhtQwocMpSQ=
  dependencies:
    icss-utils "^5.0.0"
    postcss-selector-parser "^6.0.2"
    postcss-value-parser "^4.1.0"

postcss-modules-scope@^3.0.0:
  version "3.0.0"
  resolved "http://r.npm.sankuai.com/postcss-modules-scope/download/postcss-modules-scope-3.0.0.tgz#9ef3151456d3bbfa120ca44898dfca6f2fa01f06"
  integrity sha1-nvMVFFbTu/oSDKRImN/Kby+gHwY=
  dependencies:
    postcss-selector-parser "^6.0.4"

postcss-modules-values@^4.0.0:
  version "4.0.0"
  resolved "http://r.npm.sankuai.com/postcss-modules-values/download/postcss-modules-values-4.0.0.tgz#d7c5e7e68c3bb3c9b27cbf48ca0bb3ffb4602c9c"
  integrity sha1-18Xn5ow7s8myfL9Iyguz/7RgLJw=
  dependencies:
    icss-utils "^5.0.0"

postcss-selector-parser@^6.0.2, postcss-selector-parser@^6.0.4:
  version "6.0.13"
  resolved "http://r.npm.sankuai.com/postcss-selector-parser/download/postcss-selector-parser-6.0.13.tgz#d05d8d76b1e8e173257ef9d60b706a8e5e99bf1b"
  integrity sha1-0F2NdrHo4XMlfvnWC3Bqjl6Zvxs=
  dependencies:
    cssesc "^3.0.0"
    util-deprecate "^1.0.2"

postcss-value-parser@^4.1.0, postcss-value-parser@^4.2.0:
  version "4.2.0"
  resolved "http://r.npm.sankuai.com/postcss-value-parser/download/postcss-value-parser-4.2.0.tgz#723c09920836ba6d3e5af019f92bc0971c02e514"
  integrity sha1-cjwJkgg2um0+WvAZ+SvAlxwC5RQ=

postcss@^8.4.21:
  version "8.4.25"
  resolved "http://r.npm.sankuai.com/postcss/download/postcss-8.4.25.tgz#4a133f5e379eda7f61e906c3b1aaa9b81292726f"
  integrity sha1-ShM/Xjee2n9h6QbDsaqpuBKScm8=
  dependencies:
    nanoid "^3.3.6"
    picocolors "^1.0.0"
    source-map-js "^1.0.2"

punycode@^2.1.0:
  version "2.3.0"
  resolved "http://r.npm.sankuai.com/punycode/download/punycode-2.3.0.tgz#f67fa67c94da8f4d0cfff981aee4118064199b8f"
  integrity sha1-9n+mfJTaj00M//mBruQRgGQZm48=

randombytes@^2.1.0:
  version "2.1.0"
  resolved "http://r.npm.sankuai.com/randombytes/download/randombytes-2.1.0.tgz#df6f84372f0270dc65cdf6291349ab7a473d4f2a"
  integrity sha1-32+ENy8CcNxlzfYpE0mrekc9Tyo=
  dependencies:
    safe-buffer "^5.1.0"

rechoir@^0.8.0:
  version "0.8.0"
  resolved "http://r.npm.sankuai.com/rechoir/download/rechoir-0.8.0.tgz#49f866e0d32146142da3ad8f0eff352b3215ff22"
  integrity sha1-Sfhm4NMhRhQto62PDv81KzIV/yI=
  dependencies:
    resolve "^1.20.0"

require-from-string@^2.0.2:
  version "2.0.2"
  resolved "http://r.npm.sankuai.com/require-from-string/download/require-from-string-2.0.2.tgz#89a7fdd938261267318eafe14f9c32e598c36909"
  integrity sha1-iaf92TgmEmcxjq/hT5wy5ZjDaQk=

resolve-cwd@^3.0.0:
  version "3.0.0"
  resolved "http://r.npm.sankuai.com/resolve-cwd/download/resolve-cwd-3.0.0.tgz#0f0075f1bb2544766cf73ba6a6e2adfebcb13f2d"
  integrity sha1-DwB18bslRHZs9zumpuKt/ryxPy0=
  dependencies:
    resolve-from "^5.0.0"

resolve-from@^5.0.0:
  version "5.0.0"
  resolved "http://r.npm.sankuai.com/resolve-from/download/resolve-from-5.0.0.tgz#c35225843df8f776df21c57557bc087e9dfdfc69"
  integrity sha1-w1IlhD3493bfIcV1V7wIfp39/Gk=

resolve@^1.20.0:
  version "1.22.2"
  resolved "http://r.npm.sankuai.com/resolve/download/resolve-1.22.2.tgz#0ed0943d4e301867955766c9f3e1ae6d01c6845f"
  integrity sha1-DtCUPU4wGGeVV2bJ8+GubQHGhF8=
  dependencies:
    is-core-module "^2.11.0"
    path-parse "^1.0.7"
    supports-preserve-symlinks-flag "^1.0.0"

safe-buffer@^5.1.0:
  version "5.2.1"
  resolved "http://r.npm.sankuai.com/safe-buffer/download/safe-buffer-5.2.1.tgz#1eaf9fa9bdb1fdd4ec75f58f9cdb4e6b7827eec6"
  integrity sha1-Hq+fqb2x/dTsdfWPnNtOa3gn7sY=

schema-utils@^3.0.0, schema-utils@^3.1.1, schema-utils@^3.2.0:
  version "3.3.0"
  resolved "http://r.npm.sankuai.com/schema-utils/download/schema-utils-3.3.0.tgz#f50a88877c3c01652a15b622ae9e9795df7a60fe"
  integrity sha1-9QqIh3w8AWUqFbYirp6Xld96YP4=
  dependencies:
    "@types/json-schema" "^7.0.8"
    ajv "^6.12.5"
    ajv-keywords "^3.5.2"

schema-utils@^4.0.0:
  version "4.2.0"
  resolved "http://r.npm.sankuai.com/schema-utils/download/schema-utils-4.2.0.tgz#70d7c93e153a273a805801882ebd3bff20d89c8b"
  integrity sha1-cNfJPhU6JzqAWAGILr07/yDYnIs=
  dependencies:
    "@types/json-schema" "^7.0.9"
    ajv "^8.9.0"
    ajv-formats "^2.1.1"
    ajv-keywords "^5.1.0"

semver@^7.3.8:
  version "7.5.4"
  resolved "http://r.npm.sankuai.com/semver/download/semver-7.5.4.tgz#483986ec4ed38e1c6c48c34894a9182dbff68a6e"
  integrity sha1-SDmG7E7TjhxsSMNIlKkYLb/2im4=
  dependencies:
    lru-cache "^6.0.0"

serialize-javascript@^6.0.1:
  version "6.0.1"
  resolved "http://r.npm.sankuai.com/serialize-javascript/download/serialize-javascript-6.0.1.tgz#b206efb27c3da0b0ab6b52f48d170b7996458e5c"
  integrity sha1-sgbvsnw9oLCra1L0jRcLeZZFjlw=
  dependencies:
    randombytes "^2.1.0"

shallow-clone@^3.0.0:
  version "3.0.1"
  resolved "http://r.npm.sankuai.com/shallow-clone/download/shallow-clone-3.0.1.tgz#8f2981ad92531f55035b01fb230769a40e02efa3"
  integrity sha1-jymBrZJTH1UDWwH7IwdppA4C76M=
  dependencies:
    kind-of "^6.0.2"

shebang-command@^2.0.0:
  version "2.0.0"
  resolved "http://r.npm.sankuai.com/shebang-command/download/shebang-command-2.0.0.tgz#ccd0af4f8835fbdc265b82461aaf0c36663f34ea"
  integrity sha1-zNCvT4g1+9wmW4JGGq8MNmY/NOo=
  dependencies:
    shebang-regex "^3.0.0"

shebang-regex@^3.0.0:
  version "3.0.0"
  resolved "http://r.npm.sankuai.com/shebang-regex/download/shebang-regex-3.0.0.tgz#ae16f1644d873ecad843b0307b143362d4c42172"
  integrity sha1-rhbxZE2HPsrYQ7AwexQzYtTEIXI=

source-map-js@^1.0.2:
  version "1.0.2"
  resolved "http://r.npm.sankuai.com/source-map-js/download/source-map-js-1.0.2.tgz#adbc361d9c62df380125e7f161f71c826f1e490c"
  integrity sha1-rbw2HZxi3zgBJefxYfccgm8eSQw=

source-map-support@~0.5.20:
  version "0.5.21"
  resolved "http://r.npm.sankuai.com/source-map-support/download/source-map-support-0.5.21.tgz#04fe7c7f9e1ed2d662233c28cb2b35b9f63f6e4f"
  integrity sha1-BP58f54e0tZiIzwoyys1ufY/bk8=
  dependencies:
    buffer-from "^1.0.0"
    source-map "^0.6.0"

source-map@^0.6.0:
  version "0.6.1"
  resolved "http://r.npm.sankuai.com/source-map/download/source-map-0.6.1.tgz#74722af32e9614e9c287a8d0bbde48b5e2f1a263"
  integrity sha1-dHIq8y6WFOnCh6jQu95IteLxomM=

style-loader@^3.3.3:
  version "3.3.3"
  resolved "http://r.npm.sankuai.com/style-loader/download/style-loader-3.3.3.tgz#bba8daac19930169c0c9c96706749a597ae3acff"
  integrity sha1-u6jarBmTAWnAyclnBnSaWXrjrP8=

supports-color@^8.0.0:
  version "8.1.1"
  resolved "http://r.npm.sankuai.com/supports-color/download/supports-color-8.1.1.tgz#cd6fc17e28500cff56c1b86c0a7fd4a54a73005c"
  integrity sha1-zW/BfihQDP9WwbhsCn/UpUpzAFw=
  dependencies:
    has-flag "^4.0.0"

supports-preserve-symlinks-flag@^1.0.0:
  version "1.0.0"
  resolved "http://r.npm.sankuai.com/supports-preserve-symlinks-flag/download/supports-preserve-symlinks-flag-1.0.0.tgz#6eda4bd344a3c94aea376d4cc31bc77311039e09"
  integrity sha1-btpL00SjyUrqN21MwxvHcxEDngk=

tapable@^2.1.1, tapable@^2.2.0:
  version "2.2.1"
  resolved "http://r.npm.sankuai.com/tapable/download/tapable-2.2.1.tgz#1967a73ef4060a82f12ab96af86d52fdb76eeca0"
  integrity sha1-GWenPvQGCoLxKrlq+G1S/bdu7KA=

terser-webpack-plugin@^5.3.7:
  version "5.3.9"
  resolved "http://r.npm.sankuai.com/terser-webpack-plugin/download/terser-webpack-plugin-5.3.9.tgz#832536999c51b46d468067f9e37662a3b96adfe1"
  integrity sha1-gyU2mZxRtG1GgGf543Zio7lq3+E=
  dependencies:
    "@jridgewell/trace-mapping" "^0.3.17"
    jest-worker "^27.4.5"
    schema-utils "^3.1.1"
    serialize-javascript "^6.0.1"
    terser "^5.16.8"

terser@^5.16.8:
  version "5.18.0"
  resolved "http://r.npm.sankuai.com/terser/download/terser-5.18.0.tgz#dc811fb8e3481a875d545bda247c8730ee4dc76b"
  integrity sha1-3IEfuONIGoddVFvaJHyHMO5Nx2s=
  dependencies:
    "@jridgewell/source-map" "^0.3.3"
    acorn "^8.8.2"
    commander "^2.20.0"
    source-map-support "~0.5.20"

update-browserslist-db@^1.0.11:
  version "1.0.11"
  resolved "http://r.npm.sankuai.com/update-browserslist-db/download/update-browserslist-db-1.0.11.tgz#9a2a641ad2907ae7b3616506f4b977851db5b940"
  integrity sha1-mipkGtKQeuezYWUG9Ll3hR21uUA=
  dependencies:
    escalade "^3.1.1"
    picocolors "^1.0.0"

uri-js@^4.2.2:
  version "4.4.1"
  resolved "http://r.npm.sankuai.com/uri-js/download/uri-js-4.4.1.tgz#9b1a52595225859e55f669d928f88c6c57f2a77e"
  integrity sha1-mxpSWVIlhZ5V9mnZKPiMbFfyp34=
  dependencies:
    punycode "^2.1.0"

util-deprecate@^1.0.2:
  version "1.0.2"
  resolved "http://r.npm.sankuai.com/util-deprecate/download/util-deprecate-1.0.2.tgz#450d4dc9fa70de732762fbd2d4a28981419a0ccf"
  integrity sha1-RQ1Nyfpw3nMnYvvS1KKJgUGaDM8=

watchpack@^2.4.0:
  version "2.4.0"
  resolved "http://r.npm.sankuai.com/watchpack/download/watchpack-2.4.0.tgz#fa33032374962c78113f93c7f2fb4c54c9862a5d"
  integrity sha1-+jMDI3SWLHgRP5PH8vtMVMmGKl0=
  dependencies:
    glob-to-regexp "^0.4.1"
    graceful-fs "^4.1.2"

webpack-cli@^5.1.4:
  version "5.1.4"
  resolved "http://r.npm.sankuai.com/webpack-cli/download/webpack-cli-5.1.4.tgz#c8e046ba7eaae4911d7e71e2b25b776fcc35759b"
  integrity sha1-yOBGun6q5JEdfnHislt3b8w1dZs=
  dependencies:
    "@discoveryjs/json-ext" "^0.5.0"
    "@webpack-cli/configtest" "^2.1.1"
    "@webpack-cli/info" "^2.0.2"
    "@webpack-cli/serve" "^2.0.5"
    colorette "^2.0.14"
    commander "^10.0.1"
    cross-spawn "^7.0.3"
    envinfo "^7.7.3"
    fastest-levenshtein "^1.0.12"
    import-local "^3.0.2"
    interpret "^3.1.1"
    rechoir "^0.8.0"
    webpack-merge "^5.7.3"

webpack-merge@^5.7.3:
  version "5.9.0"
  resolved "http://r.npm.sankuai.com/webpack-merge/download/webpack-merge-5.9.0.tgz#dc160a1c4cf512ceca515cc231669e9ddb133826"
  integrity sha1-3BYKHEz1Es7KUVzCMWaendsTOCY=
  dependencies:
    clone-deep "^4.0.1"
    wildcard "^2.0.0"

webpack-sources@^3.2.3:
  version "3.2.3"
  resolved "http://r.npm.sankuai.com/webpack-sources/download/webpack-sources-3.2.3.tgz#2d4daab8451fd4b240cc27055ff6a0c2ccea0cde"
  integrity sha1-LU2quEUf1LJAzCcFX/agwszqDN4=

webpack@^5.87.0:
  version "5.87.0"
  resolved "http://r.npm.sankuai.com/webpack/download/webpack-5.87.0.tgz#df8a9c094c6037f45e0d77598f9e59d33ca3a98c"
  integrity sha1-34qcCUxgN/ReDXdZj55Z0zyjqYw=
  dependencies:
    "@types/eslint-scope" "^3.7.3"
    "@types/estree" "^1.0.0"
    "@webassemblyjs/ast" "^1.11.5"
    "@webassemblyjs/wasm-edit" "^1.11.5"
    "@webassemblyjs/wasm-parser" "^1.11.5"
    acorn "^8.7.1"
    acorn-import-assertions "^1.9.0"
    browserslist "^4.14.5"
    chrome-trace-event "^1.0.2"
    enhanced-resolve "^5.15.0"
    es-module-lexer "^1.2.1"
    eslint-scope "5.1.1"
    events "^3.2.0"
    glob-to-regexp "^0.4.1"
    graceful-fs "^4.2.9"
    json-parse-even-better-errors "^2.3.1"
    loader-runner "^4.2.0"
    mime-types "^2.1.27"
    neo-async "^2.6.2"
    schema-utils "^3.2.0"
    tapable "^2.1.1"
    terser-webpack-plugin "^5.3.7"
    watchpack "^2.4.0"
    webpack-sources "^3.2.3"

which@^2.0.1:
  version "2.0.2"
  resolved "http://r.npm.sankuai.com/which/download/which-2.0.2.tgz#7c6a8dd0a636a0327e10b59c9286eee93f3f51b1"
  integrity sha1-fGqN0KY2oDJ+ELWckobu6T8/UbE=
  dependencies:
    isexe "^2.0.0"

wildcard@^2.0.0:
  version "2.0.1"
  resolved "http://r.npm.sankuai.com/wildcard/download/wildcard-2.0.1.tgz#5ab10d02487198954836b6349f74fff961e10f67"
  integrity sha1-WrENAkhxmJVINrY0n3T/+WHhD2c=

yallist@^4.0.0:
  version "4.0.0"
  resolved "http://r.npm.sankuai.com/yallist/download/yallist-4.0.0.tgz#9bb92790d9c0effec63be73519e11a35019a3a72"
  integrity sha1-m7knkNnA7/7GO+c1GeEaNQGaOnI=
